// !$*UTF8*$!
{
	archiveVersion = 1;
	classes = {
	};
	objectVersion = 56;
	objects = {

/* Begin PBXBuildFile section */
		96A7BF5629B5CB53006D3552 /* GNURANG.swift in Sources */ = {isa = PBXBuildFile; fileRef = 96A7BF5529B5CB53006D3552 /* GNURANG.swift */; };
		96A7BF5829B5CB53006D3552 /* SplashView.swift in Sources */ = {isa = PBXBuildFile; fileRef = 96A7BF5729B5CB53006D3552 /* SplashView.swift */; };
		96A7BF5A29B5CB55006D3552 /* Assets.xcassets in Resources */ = {isa = PBXBuildFile; fileRef = 96A7BF5929B5CB55006D3552 /* Assets.xcassets */; };
		96A7BF5D29B5CB55006D3552 /* Preview Assets.xcassets in Resources */ = {isa = PBXBuildFile; fileRef = 96A7BF5C29B5CB55006D3552 /* Preview Assets.xcassets */; };
		96A7BF6429B5CCDE006D3552 /* SplashScreen.swift in Sources */ = {isa = PBXBuildFile; fileRef = 96A7BF6329B5CCDE006D3552 /* SplashScreen.swift */; };
		96A7BF6629B5CCFF006D3552 /* MainTabView.swift in Sources */ = {isa = PBXBuildFile; fileRef = 96A7BF6529B5CCFF006D3552 /* MainTabView.swift */; };
		96A7BF6829B5D80B006D3552 /* MainView.swift in Sources */ = {isa = PBXBuildFile; fileRef = 96A7BF6729B5D80B006D3552 /* MainView.swift */; };
		96A7BF6A29B609B0006D3552 /* Practice.swift in Sources */ = {isa = PBXBuildFile; fileRef = 96A7BF6929B609B0006D3552 /* Practice.swift */; };
		96A7BF6D29B63E51006D3552 /* Widgets.swift in Sources */ = {isa = PBXBuildFile; fileRef = 96A7BF6C29B63E50006D3552 /* Widgets.swift */; };
		96A7BF6F29B6411D006D3552 /* IDCardView.swift in Sources */ = {isa = PBXBuildFile; fileRef = 96A7BF6E29B6411D006D3552 /* IDCardView.swift */; };
		96A7BF7129B64165006D3552 /* TimeTableView.swift in Sources */ = {isa = PBXBuildFile; fileRef = 96A7BF7029B64165006D3552 /* TimeTableView.swift */; };
		96A7BF7329B6418A006D3552 /* GNUMapView.swift in Sources */ = {isa = PBXBuildFile; fileRef = 96A7BF7229B6418A006D3552 /* GNUMapView.swift */; };
/* End PBXBuildFile section */

/* Begin PBXFileReference section */
		96A7BF5229B5CB53006D3552 /* GNURANG.app */ = {isa = PBXFileReference; explicitFileType = wrapper.application; includeInIndex = 0; path = GNURANG.app; sourceTree = BUILT_PRODUCTS_DIR; };
		96A7BF5529B5CB53006D3552 /* GNURANG.swift */ = {isa = PBXFileReference; lastKnownFileType = sourcecode.swift; path = GNURANG.swift; sourceTree = "<group>"; };
		96A7BF5729B5CB53006D3552 /* SplashView.swift */ = {isa = PBXFileReference; lastKnownFileType = sourcecode.swift; path = SplashView.swift; sourceTree = "<group>"; };
		96A7BF5929B5CB55006D3552 /* Assets.xcassets */ = {isa = PBXFileReference; lastKnownFileType = folder.assetcatalog; path = Assets.xcassets; sourceTree = "<group>"; };
		96A7BF5C29B5CB55006D3552 /* Preview Assets.xcassets */ = {isa = PBXFileReference; lastKnownFileType = folder.assetcatalog; path = "Preview Assets.xcassets"; sourceTree = "<group>"; };
		96A7BF6329B5CCDE006D3552 /* SplashScreen.swift */ = {isa = PBXFileReference; lastKnownFileType = sourcecode.swift; path = SplashScreen.swift; sourceTree = "<group>"; };
		96A7BF6529B5CCFF006D3552 /* MainTabView.swift */ = {isa = PBXFileReference; lastKnownFileType = sourcecode.swift; path = MainTabView.swift; sourceTree = "<group>"; };
		96A7BF6729B5D80B006D3552 /* MainView.swift */ = {isa = PBXFileReference; lastKnownFileType = sourcecode.swift; path = MainView.swift; sourceTree = "<group>"; };
		96A7BF6929B609B0006D3552 /* Practice.swift */ = {isa = PBXFileReference; lastKnownFileType = sourcecode.swift; path = Practice.swift; sourceTree = "<group>"; };
		96A7BF6C29B63E50006D3552 /* Widgets.swift */ = {isa = PBXFileReference; lastKnownFileType = sourcecode.swift; path = Widgets.swift; sourceTree = "<group>"; };
		96A7BF6E29B6411D006D3552 /* IDCardView.swift */ = {isa = PBXFileReference; lastKnownFileType = sourcecode.swift; path = IDCardView.swift; sourceTree = "<group>"; };
		96A7BF7029B64165006D3552 /* TimeTableView.swift */ = {isa = PBXFileReference; lastKnownFileType = sourcecode.swift; path = TimeTableView.swift; sourceTree = "<group>"; };
		96A7BF7229B6418A006D3552 /* GNUMapView.swift */ = {isa = PBXFileReference; lastKnownFileType = sourcecode.swift; path = GNUMapView.swift; sourceTree = "<group>"; };
/* End PBXFileReference section */

/* Begin PBXFrameworksBuildPhase section */
		96A7BF4F29B5CB53006D3552 /* Frameworks */ = {
			isa = PBXFrameworksBuildPhase;
			buildActionMask = 2147483647;
			files = (
			);
			runOnlyForDeploymentPostprocessing = 0;
		};
/* End PBXFrameworksBuildPhase section */

/* Begin PBXGroup section */
		96A7BF4929B5CB53006D3552 = {
			isa = PBXGroup;
			children = (
				96A7BF5429B5CB53006D3552 /* GNURANG */,
				96A7BF5329B5CB53006D3552 /* Products */,
			);
			sourceTree = "<group>";
		};
		96A7BF5329B5CB53006D3552 /* Products */ = {
			isa = PBXGroup;
			children = (
				96A7BF5229B5CB53006D3552 /* GNURANG.app */,
			);
			name = Products;
			sourceTree = "<group>";
		};
		96A7BF5429B5CB53006D3552 /* GNURANG */ = {
			isa = PBXGroup;
			children = (
				96A7BF5529B5CB53006D3552 /* GNURANG.swift */,
				96A7BF6529B5CCFF006D3552 /* MainTabView.swift */,
				96A7BF6729B5D80B006D3552 /* MainView.swift */,
				96A7BF7229B6418A006D3552 /* GNUMapView.swift */,
				96A7BF7029B64165006D3552 /* TimeTableView.swift */,
				96A7BF6E29B6411D006D3552 /* IDCardView.swift */,
				96A7BF5729B5CB53006D3552 /* SplashView.swift */,
				96A7BF6C29B63E50006D3552 /* Widgets.swift */,
				96A7BF6929B609B0006D3552 /* Practice.swift */,
				96A7BF5929B5CB55006D3552 /* Assets.xcassets */,
				96A7BF5B29B5CB55006D3552 /* Preview Content */,
			);
			path = GNURANG;
			sourceTree = "<group>";
		};
		96A7BF5B29B5CB55006D3552 /* Preview Content */ = {
			isa = PBXGroup;
			children = (
				96A7BF6329B5CCDE006D3552 /* SplashScreen.swift */,
				96A7BF5C29B5CB55006D3552 /* Preview Assets.xcassets */,
			);
			path = "Preview Content";
			sourceTree = "<group>";
		};
/* End PBXGroup section */

/* Begin PBXNativeTarget section */
		96A7BF5129B5CB53006D3552 /* GNURANG */ = {
			isa = PBXNativeTarget;
			buildConfigurationList = 96A7BF6029B5CB55006D3552 /* Build configuration list for PBXNativeTarget "GNURANG" */;
			buildPhases = (
				96A7BF4E29B5CB53006D3552 /* Sources */,
				96A7BF4F29B5CB53006D3552 /* Frameworks */,
				96A7BF5029B5CB53006D3552 /* Resources */,
			);
			buildRules = (
			);
			dependencies = (
			);
			name = GNURANG;
			productName = GNURANG;
			productReference = 96A7BF5229B5CB53006D3552 /* GNURANG.app */;
			productType = "com.apple.product-type.application";
		};
/* End PBXNativeTarget section */

/* Begin PBXProject section */
		96A7BF4A29B5CB53006D3552 /* Project object */ = {
			isa = PBXProject;
			attributes = {
				BuildIndependentTargetsInParallel = 1;
				LastSwiftUpdateCheck = 1420;
				LastUpgradeCheck = 1420;
				TargetAttributes = {
					96A7BF5129B5CB53006D3552 = {
						CreatedOnToolsVersion = 14.2;
					};
				};
			};
			buildConfigurationList = 96A7BF4D29B5CB53006D3552 /* Build configuration list for PBXProject "GNURANG" */;
			compatibilityVersion = "Xcode 14.0";
			developmentRegion = en;
			hasScannedForEncodings = 0;
			knownRegions = (
				en,
				Base,
			);
			mainGroup = 96A7BF4929B5CB53006D3552;
			productRefGroup = 96A7BF5329B5CB53006D3552 /* Products */;
			projectDirPath = "";
			projectRoot = "";
			targets = (
				96A7BF5129B5CB53006D3552 /* GNURANG */,
			);
		};
/* End PBXProject section */

/* Begin PBXResourcesBuildPhase section */
		96A7BF5029B5CB53006D3552 /* Resources */ = {
			isa = PBXResourcesBuildPhase;
			buildActionMask = 2147483647;
			files = (
				96A7BF5D29B5CB55006D3552 /* Preview Assets.xcassets in Resources */,
				96A7BF5A29B5CB55006D3552 /* Assets.xcassets in Resources */,
			);
			runOnlyForDeploymentPostprocessing = 0;
		};
/* End PBXResourcesBuildPhase section */

/* Begin PBXSourcesBuildPhase section */
		96A7BF4E29B5CB53006D3552 /* Sources */ = {
			isa = PBXSourcesBuildPhase;
			buildActionMask = 2147483647;
			files = (
				96A7BF6A29B609B0006D3552 /* Practice.swift in Sources */,
				96A7BF6429B5CCDE006D3552 /* SplashScreen.swift in Sources */,
				96A7BF5829B5CB53006D3552 /* SplashView.swift in Sources */,
				96A7BF5629B5CB53006D3552 /* GNURANG.swift in Sources */,
				96A7BF6829B5D80B006D3552 /* MainView.swift in Sources */,
				96A7BF6F29B6411D006D3552 /* IDCardView.swift in Sources */,
				96A7BF7329B6418A006D3552 /* GNUMapView.swift in Sources */,
				96A7BF6D29B63E51006D3552 /* Widgets.swift in Sources */,
				96A7BF6629B5CCFF006D3552 /* MainTabView.swift in Sources */,
				96A7BF7129B64165006D3552 /* TimeTableView.swift in Sources */,
			);
			runOnlyForDeploymentPostprocessing = 0;
		};
/* End PBXSourcesBuildPhase section */

/* Begin XCBuildConfiguration section */
		96A7BF5E29B5CB55006D3552 /* Debug */ = {
			isa = XCBuildConfiguration;
			buildSettings = {
				ALWAYS_SEARCH_USER_PATHS = NO;
				CLANG_ANALYZER_NONNULL = YES;
				CLANG_ANALYZER_NUMBER_OBJECT_CONVERSION = YES_AGGRESSIVE;
				CLANG_CXX_LANGUAGE_STANDARD = "gnu++20";
				CLANG_ENABLE_MODULES = YES;
				CLANG_ENABLE_OBJC_ARC = YES;
				CLANG_ENABLE_OBJC_WEAK = YES;
				CLANG_WARN_BLOCK_CAPTURE_AUTORELEASING = YES;
				CLANG_WARN_BOOL_CONVERSION = YES;
				CLANG_WARN_COMMA = YES;
				CLANG_WARN_CONSTANT_CONVERSION = YES;
				CLANG_WARN_DEPRECATED_OBJC_IMPLEMENTATIONS = YES;
				CLANG_WARN_DIRECT_OBJC_ISA_USAGE = YES_ERROR;
				CLANG_WARN_DOCUMENTATION_COMMENTS = YES;
				CLANG_WARN_EMPTY_BODY = YES;
				CLANG_WARN_ENUM_CONVERSION = YES;
				CLANG_WARN_INFINITE_RECURSION = YES;
				CLANG_WARN_INT_CONVERSION = YES;
				CLANG_WARN_NON_LITERAL_NULL_CONVERSION = YES;
				CLANG_WARN_OBJC_IMPLICIT_RETAIN_SELF = YES;
				CLANG_WARN_OBJC_LITERAL_CONVERSION = YES;
				CLANG_WARN_OBJC_ROOT_CLASS = YES_ERROR;
				CLANG_WARN_QUOTED_INCLUDE_IN_FRAMEWORK_HEADER = YES;
				CLANG_WARN_RANGE_LOOP_ANALYSIS = YES;
				CLANG_WARN_STRICT_PROTOTYPES = YES;
				CLANG_WARN_SUSPICIOUS_MOVE = YES;
				CLANG_WARN_UNGUARDED_AVAILABILITY = YES_AGGRESSIVE;
				CLANG_WARN_UNREACHABLE_CODE = YES;
				CLANG_WARN__DUPLICATE_METHOD_MATCH = YES;
				COPY_PHASE_STRIP = NO;
				DEBUG_INFORMATION_FORMAT = dwarf;
				ENABLE_STRICT_OBJC_MSGSEND = YES;
				ENABLE_TESTABILITY = YES;
				GCC_C_LANGUAGE_STANDARD = gnu11;
				GCC_DYNAMIC_NO_PIC = NO;
				GCC_NO_COMMON_BLOCKS = YES;
				GCC_OPTIMIZATION_LEVEL = 0;
				GCC_PREPROCESSOR_DEFINITIONS = (
					"DEBUG=1",
					"$(inherited)",
				);
				GCC_WARN_64_TO_32_BIT_CONVERSION = YES;
				GCC_WARN_ABOUT_RETURN_TYPE = YES_ERROR;
				GCC_WARN_UNDECLARED_SELECTOR = YES;
				GCC_WARN_UNINITIALIZED_AUTOS = YES_AGGRESSIVE;
				GCC_WARN_UNUSED_FUNCTION = YES;
				GCC_WARN_UNUSED_VARIABLE = YES;
				IPHONEOS_DEPLOYMENT_TARGET = 16.2;
				MTL_ENABLE_DEBUG_INFO = INCLUDE_SOURCE;
				MTL_FAST_MATH = YES;
				ONLY_ACTIVE_ARCH = YES;
				SDKROOT = iphoneos;
				SWIFT_ACTIVE_COMPILATION_CONDITIONS = DEBUG;
				SWIFT_OPTIMIZATION_LEVEL = "-Onone";
			};
			name = Debug;
		};
		96A7BF5F29B5CB55006D3552 /* Release */ = {
			isa = XCBuildConfiguration;
			buildSettings = {
				ALWAYS_SEARCH_USER_PATHS = NO;
				CLANG_ANALYZER_NONNULL = YES;
				CLANG_ANALYZER_NUMBER_OBJECT_CONVERSION = YES_AGGRESSIVE;
				CLANG_CXX_LANGUAGE_STANDARD = "gnu++20";
				CLANG_ENABLE_MODULES = YES;
				CLANG_ENABLE_OBJC_ARC = YES;
				CLANG_ENABLE_OBJC_WEAK = YES;
				CLANG_WARN_BLOCK_CAPTURE_AUTORELEASING = YES;
				CLANG_WARN_BOOL_CONVERSION = YES;
				CLANG_WARN_COMMA = YES;
				CLANG_WARN_CONSTANT_CONVERSION = YES;
				CLANG_WARN_DEPRECATED_OBJC_IMPLEMENTATIONS = YES;
				CLANG_WARN_DIRECT_OBJC_ISA_USAGE = YES_ERROR;
				CLANG_WARN_DOCUMENTATION_COMMENTS = YES;
				CLANG_WARN_EMPTY_BODY = YES;
				CLANG_WARN_ENUM_CONVERSION = YES;
				CLANG_WARN_INFINITE_RECURSION = YES;
				CLANG_WARN_INT_CONVERSION = YES;
				CLANG_WARN_NON_LITERAL_NULL_CONVERSION = YES;
				CLANG_WARN_OBJC_IMPLICIT_RETAIN_SELF = YES;
				CLANG_WARN_OBJC_LITERAL_CONVERSION = YES;
				CLANG_WARN_OBJC_ROOT_CLASS = YES_ERROR;
				CLANG_WARN_QUOTED_INCLUDE_IN_FRAMEWORK_HEADER = YES;
				CLANG_WARN_RANGE_LOOP_ANALYSIS = YES;
				CLANG_WARN_STRICT_PROTOTYPES = YES;
				CLANG_WARN_SUSPICIOUS_MOVE = YES;
				CLANG_WARN_UNGUARDED_AVAILABILITY = YES_AGGRESSIVE;
				CLANG_WARN_UNREACHABLE_CODE = YES;
				CLANG_WARN__DUPLICATE_METHOD_MATCH = YES;
				COPY_PHASE_STRIP = NO;
				DEBUG_INFORMATION_FORMAT = "dwarf-with-dsym";
				ENABLE_NS_ASSERTIONS = NO;
				ENABLE_STRICT_OBJC_MSGSEND = YES;
				GCC_C_LANGUAGE_STANDARD = gnu11;
				GCC_NO_COMMON_BLOCKS = YES;
				GCC_WARN_64_TO_32_BIT_CONVERSION = YES;
				GCC_WARN_ABOUT_RETURN_TYPE = YES_ERROR;
				GCC_WARN_UNDECLARED_SELECTOR = YES;
				GCC_WARN_UNINITIALIZED_AUTOS = YES_AGGRESSIVE;
				GCC_WARN_UNUSED_FUNCTION = YES;
				GCC_WARN_UNUSED_VARIABLE = YES;
				IPHONEOS_DEPLOYMENT_TARGET = 16.2;
				MTL_ENABLE_DEBUG_INFO = NO;
				MTL_FAST_MATH = YES;
				SDKROOT = iphoneos;
				SWIFT_COMPILATION_MODE = wholemodule;
				SWIFT_OPTIMIZATION_LEVEL = "-O";
				VALIDATE_PRODUCT = YES;
			};
			name = Release;
		};
		96A7BF6129B5CB55006D3552 /* Debug */ = {
			isa = XCBuildConfiguration;
			buildSettings = {
				ASSETCATALOG_COMPILER_APPICON_NAME = AppIcon;
				ASSETCATALOG_COMPILER_GLOBAL_ACCENT_COLOR_NAME = AccentColor;
				CODE_SIGN_IDENTITY = "Apple Development";
				CODE_SIGN_STYLE = Automatic;
				CURRENT_PROJECT_VERSION = 1;
				DEVELOPMENT_ASSET_PATHS = "\"GNURANG/Preview Content\"";
				DEVELOPMENT_TEAM = KRT7LJ7RSM;
				ENABLE_PREVIEWS = YES;
				GENERATE_INFOPLIST_FILE = YES;
				INFOPLIST_KEY_CFBundleDisplayName = "지누랑!";
				INFOPLIST_KEY_LSApplicationCategoryType = "public.app-category.education";
				INFOPLIST_KEY_UIApplicationSceneManifest_Generation = YES;
				INFOPLIST_KEY_UIApplicationSupportsIndirectInputEvents = YES;
				INFOPLIST_KEY_UILaunchScreen_Generation = YES;
				INFOPLIST_KEY_UISupportedInterfaceOrientations = UIInterfaceOrientationPortrait;
				INFOPLIST_KEY_UISupportedInterfaceOrientations_iPad = "UIInterfaceOrientationLandscapeLeft UIInterfaceOrientationLandscapeRight UIInterfaceOrientationPortrait UIInterfaceOrientationPortraitUpsideDown";
				LD_RUNPATH_SEARCH_PATHS = (
					"$(inherited)",
					"@executable_path/Frameworks",
				);
				MARKETING_VERSION = 1.0;
				PRODUCT_BUNDLE_IDENTIFIER = com.i1hwan.GNURANG;
				PRODUCT_NAME = "$(TARGET_NAME)";
				PROVISIONING_PROFILE_SPECIFIER = "";
				SWIFT_EMIT_LOC_STRINGS = YES;
				SWIFT_VERSION = 5.0;
				TARGETED_DEVICE_FAMILY = "1,2";
			};
			name = Debug;
		};
		96A7BF6229B5CB55006D3552 /* Release */ = {
			isa = XCBuildConfiguration;
			buildSettings = {
				ASSETCATALOG_COMPILER_APPICON_NAME = AppIcon;
				ASSETCATALOG_COMPILER_GLOBAL_ACCENT_COLOR_NAME = AccentColor;
				CODE_SIGN_IDENTITY = "Apple Development";
				CODE_SIGN_STYLE = Automatic;
				CURRENT_PROJECT_VERSION = 1;
				DEVELOPMENT_ASSET_PATHS = "\"GNURANG/Preview Content\"";
				DEVELOPMENT_TEAM = KRT7LJ7RSM;
				ENABLE_PREVIEWS = YES;
				GENERATE_INFOPLIST_FILE = YES;
				INFOPLIST_KEY_CFBundleDisplayName = "지누랑!";
				INFOPLIST_KEY_LSApplicationCategoryType = "public.app-category.education";
				INFOPLIST_KEY_UIApplicationSceneManifest_Generation = YES;
				INFOPLIST_KEY_UIApplicationSupportsIndirectInputEvents = YES;
				INFOPLIST_KEY_UILaunchScreen_Generation = YES;
				INFOPLIST_KEY_UISupportedInterfaceOrientations = UIInterfaceOrientationPortrait;
				INFOPLIST_KEY_UISupportedInterfaceOrientations_iPad = "UIInterfaceOrientationLandscapeLeft UIInterfaceOrientationLandscapeRight UIInterfaceOrientationPortrait UIInterfaceOrientationPortraitUpsideDown";
				LD_RUNPATH_SEARCH_PATHS = (
					"$(inherited)",
					"@executable_path/Frameworks",
				);
				MARKETING_VERSION = 1.0;
				PRODUCT_BUNDLE_IDENTIFIER = com.i1hwan.GNURANG;
				PRODUCT_NAME = "$(TARGET_NAME)";
				PROVISIONING_PROFILE_SPECIFIER = "";
				SWIFT_EMIT_LOC_STRINGS = YES;
				SWIFT_VERSION = 5.0;
				TARGETED_DEVICE_FAMILY = "1,2";
			};
			name = Release;
		};
/* End XCBuildConfiguration section */

/* Begin XCConfigurationList section */
		96A7BF4D29B5CB53006D3552 /* Build configuration list for PBXProject "GNURANG" */ = {
			isa = XCConfigurationList;
			buildConfigurations = (
				96A7BF5E29B5CB55006D3552 /* Debug */,
				96A7BF5F29B5CB55006D3552 /* Release */,
			);
			defaultConfigurationIsVisible = 0;
			defaultConfigurationName = Release;
		};
		96A7BF6029B5CB55006D3552 /* Build configuration list for PBXNativeTarget "GNURANG" */ = {
			isa = XCConfigurationList;
			buildConfigurations = (
				96A7BF6129B5CB55006D3552 /* Debug */,
				96A7BF6229B5CB55006D3552 /* Release */,
			);
			defaultConfigurationIsVisible = 0;
			defaultConfigurationName = Release;
		};
/* End XCConfigurationList section */
	};
	rootObject = 96A7BF4A29B5CB53006D3552 /* Project object */;
}
